
Microsoft Visual Studio Solution File, Format Version 12.00
# Visual Studio Version 16
VisualStudioVersion = 16.0.30907.101
MinimumVisualStudioVersion = 10.0.40219.1
Project("{FAE04EC0-301F-11D3-BF4B-00C04F79EFBC}") = "testback", "testback\testback.csproj", "{B14DCD44-1592-4130-8928-538A6AA500B0}"
EndProject
Global
	GlobalSection(SolutionConfigurationPlatforms) = preSolution
		Debug|Any CPU = Debug|Any CPU
		Release|Any CPU = Release|Any CPU
	EndGlobalSection
	GlobalSection(ProjectConfigurationPlatforms) = postSolution
		{B14DCD44-1592-4130-8928-538A6AA500B0}.Debug|Any CPU.ActiveCfg = Debug|Any CPU
		{B14DCD44-1592-4130-8928-538A6AA500B0}.Debug|Any CPU.Build.0 = Debug|Any CPU
		{B14DCD44-1592-4130-8928-538A6AA500B0}.Release|Any CPU.ActiveCfg = Release|Any CPU
		{B14DCD44-1592-4130-8928-538A6AA500B0}.Release|Any CPU.Build.0 = Release|Any CPU
	EndGlobalSection
	GlobalSection(SolutionProperties) = preSolution
		HideSolutionNode = FALSE
	EndGlobalSection
	GlobalSection(ExtensibilityGlobals) = postSolution
		SolutionGuid = {D6559515-5FD3-46C5-B208-DA3228C18AC7}
	EndGlobalSection
EndGlobal
